
Microsoft Visual Studio Solution File, Format Version 12.00
# Visual Studio Version 16
VisualStudioVersion = 16.0.29409.12
MinimumVisualStudioVersion = 10.0.40219.1
Project("{FAE04EC0-301F-11D3-BF4B-00C04F79EFBC}") = "UserMaintenance", "UserMaintenance\UserMaintenance.csproj", "{9F726FA1-BC34-49DE-8C53-88759F36665D}"
EndProject
Global
	GlobalSection(SolutionConfigurationPlatforms) = preSolution
		Debug|Any CPU = Debug|Any CPU
		Release|Any CPU = Release|Any CPU
	EndGlobalSection
	GlobalSection(ProjectConfigurationPlatforms) = postSolution
		{9F726FA1-BC34-49DE-8C53-88759F36665D}.Debug|Any CPU.ActiveCfg = Debug|Any CPU
		{9F726FA1-BC34-49DE-8C53-88759F36665D}.Debug|Any CPU.Build.0 = Debug|Any CPU
		{9F726FA1-BC34-49DE-8C53-88759F36665D}.Release|Any CPU.ActiveCfg = Release|Any CPU
		{9F726FA1-BC34-49DE-8C53-88759F36665D}.Release|Any CPU.Build.0 = Release|Any CPU
	EndGlobalSection
	GlobalSection(SolutionProperties) = preSolution
		HideSolutionNode = FALSE
	EndGlobalSection
	GlobalSection(ExtensibilityGlobals) = postSolution
		SolutionGuid = {48F231AB-DB27-4ED6-A14B-1A68DBF29855}
	EndGlobalSection
EndGlobal
